// !$*UTF8*$!
{
	archiveVersion = 1;
	classes = {
	};
	objectVersion = 50;
	objects = {

/* Begin PBXBuildFile section */
		95081504255DCB6000B11FD2 /* AppDelegate.swift in Sources */ = {isa = PBXBuildFile; fileRef = 95081503255DCB6000B11FD2 /* AppDelegate.swift */; };
		95081506255DCB6100B11FD2 /* SceneDelegate.swift in Sources */ = {isa = PBXBuildFile; fileRef = 95081505255DCB6100B11FD2 /* SceneDelegate.swift */; };
		9508150D255DCB6200B11FD2 /* Assets.xcassets in Resources */ = {isa = PBXBuildFile; fileRef = 9508150C255DCB6200B11FD2 /* Assets.xcassets */; };
		95081510255DCB6200B11FD2 /* LaunchScreen.storyboard in Resources */ = {isa = PBXBuildFile; fileRef = 9508150E255DCB6200B11FD2 /* LaunchScreen.storyboard */; };
		9508151B255DCB6200B11FD2 /* GitHubFollowersTests.swift in Sources */ = {isa = PBXBuildFile; fileRef = 9508151A255DCB6200B11FD2 /* GitHubFollowersTests.swift */; };
		95081526255DCB6300B11FD2 /* GitHubFollowersUITests.swift in Sources */ = {isa = PBXBuildFile; fileRef = 95081525255DCB6300B11FD2 /* GitHubFollowersUITests.swift */; };
		95D63B48256438250072892C /* SearchVC.swift in Sources */ = {isa = PBXBuildFile; fileRef = 95D63B47256438250072892C /* SearchVC.swift */; };
		95D63B55256438A80072892C /* FavoritesListVC.swift in Sources */ = {isa = PBXBuildFile; fileRef = 95D63B54256438A80072892C /* FavoritesListVC.swift */; };
		95D63B5A2564463F0072892C /* GFButton.swift in Sources */ = {isa = PBXBuildFile; fileRef = 95D63B592564463F0072892C /* GFButton.swift */; };
		95D63B5F25644B6B0072892C /* GFTextField.swift in Sources */ = {isa = PBXBuildFile; fileRef = 95D63B5E25644B6B0072892C /* GFTextField.swift */; };
/* End PBXBuildFile section */

/* Begin PBXContainerItemProxy section */
		95081517255DCB6200B11FD2 /* PBXContainerItemProxy */ = {
			isa = PBXContainerItemProxy;
			containerPortal = 950814F8255DCB6000B11FD2 /* Project object */;
			proxyType = 1;
			remoteGlobalIDString = 950814FF255DCB6000B11FD2;
			remoteInfo = GitHubFollowers;
		};
		95081522255DCB6300B11FD2 /* PBXContainerItemProxy */ = {
			isa = PBXContainerItemProxy;
			containerPortal = 950814F8255DCB6000B11FD2 /* Project object */;
			proxyType = 1;
			remoteGlobalIDString = 950814FF255DCB6000B11FD2;
			remoteInfo = GitHubFollowers;
		};
/* End PBXContainerItemProxy section */

/* Begin PBXFileReference section */
		95081500255DCB6000B11FD2 /* GitHubFollowers.app */ = {isa = PBXFileReference; explicitFileType = wrapper.application; includeInIndex = 0; path = GitHubFollowers.app; sourceTree = BUILT_PRODUCTS_DIR; };
		95081503255DCB6000B11FD2 /* AppDelegate.swift */ = {isa = PBXFileReference; lastKnownFileType = sourcecode.swift; path = AppDelegate.swift; sourceTree = "<group>"; };
		95081505255DCB6100B11FD2 /* SceneDelegate.swift */ = {isa = PBXFileReference; lastKnownFileType = sourcecode.swift; path = SceneDelegate.swift; sourceTree = "<group>"; };
		9508150C255DCB6200B11FD2 /* Assets.xcassets */ = {isa = PBXFileReference; lastKnownFileType = folder.assetcatalog; path = Assets.xcassets; sourceTree = "<group>"; };
		9508150F255DCB6200B11FD2 /* Base */ = {isa = PBXFileReference; lastKnownFileType = file.storyboard; name = Base; path = Base.lproj/LaunchScreen.storyboard; sourceTree = "<group>"; };
		95081511255DCB6200B11FD2 /* Info.plist */ = {isa = PBXFileReference; lastKnownFileType = text.plist.xml; path = Info.plist; sourceTree = "<group>"; };
		95081516255DCB6200B11FD2 /* GitHubFollowersTests.xctest */ = {isa = PBXFileReference; explicitFileType = wrapper.cfbundle; includeInIndex = 0; path = GitHubFollowersTests.xctest; sourceTree = BUILT_PRODUCTS_DIR; };
		9508151A255DCB6200B11FD2 /* GitHubFollowersTests.swift */ = {isa = PBXFileReference; lastKnownFileType = sourcecode.swift; path = GitHubFollowersTests.swift; sourceTree = "<group>"; };
		9508151C255DCB6200B11FD2 /* Info.plist */ = {isa = PBXFileReference; lastKnownFileType = text.plist.xml; path = Info.plist; sourceTree = "<group>"; };
		95081521255DCB6300B11FD2 /* GitHubFollowersUITests.xctest */ = {isa = PBXFileReference; explicitFileType = wrapper.cfbundle; includeInIndex = 0; path = GitHubFollowersUITests.xctest; sourceTree = BUILT_PRODUCTS_DIR; };
		95081525255DCB6300B11FD2 /* GitHubFollowersUITests.swift */ = {isa = PBXFileReference; lastKnownFileType = sourcecode.swift; path = GitHubFollowersUITests.swift; sourceTree = "<group>"; };
		95081527255DCB6300B11FD2 /* Info.plist */ = {isa = PBXFileReference; lastKnownFileType = text.plist.xml; path = Info.plist; sourceTree = "<group>"; };
		95D63B47256438250072892C /* SearchVC.swift */ = {isa = PBXFileReference; lastKnownFileType = sourcecode.swift; path = SearchVC.swift; sourceTree = "<group>"; };
		95D63B54256438A80072892C /* FavoritesListVC.swift */ = {isa = PBXFileReference; lastKnownFileType = sourcecode.swift; path = FavoritesListVC.swift; sourceTree = "<group>"; };
		95D63B592564463F0072892C /* GFButton.swift */ = {isa = PBXFileReference; lastKnownFileType = sourcecode.swift; path = GFButton.swift; sourceTree = "<group>"; };
		95D63B5E25644B6B0072892C /* GFTextField.swift */ = {isa = PBXFileReference; lastKnownFileType = sourcecode.swift; path = GFTextField.swift; sourceTree = "<group>"; };
/* End PBXFileReference section */

/* Begin PBXFrameworksBuildPhase section */
		950814FD255DCB6000B11FD2 /* Frameworks */ = {
			isa = PBXFrameworksBuildPhase;
			buildActionMask = 2147483647;
			files = (
			);
			runOnlyForDeploymentPostprocessing = 0;
		};
		95081513255DCB6200B11FD2 /* Frameworks */ = {
			isa = PBXFrameworksBuildPhase;
			buildActionMask = 2147483647;
			files = (
			);
			runOnlyForDeploymentPostprocessing = 0;
		};
		9508151E255DCB6300B11FD2 /* Frameworks */ = {
			isa = PBXFrameworksBuildPhase;
			buildActionMask = 2147483647;
			files = (
			);
			runOnlyForDeploymentPostprocessing = 0;
		};
/* End PBXFrameworksBuildPhase section */

/* Begin PBXGroup section */
		950814F7255DCB6000B11FD2 = {
			isa = PBXGroup;
			children = (
				95081502255DCB6000B11FD2 /* GitHubFollowers */,
				95081519255DCB6200B11FD2 /* GitHubFollowersTests */,
				95081524255DCB6300B11FD2 /* GitHubFollowersUITests */,
				95081501255DCB6000B11FD2 /* Products */,
			);
			sourceTree = "<group>";
		};
		95081501255DCB6000B11FD2 /* Products */ = {
			isa = PBXGroup;
			children = (
				95081500255DCB6000B11FD2 /* GitHubFollowers.app */,
				95081516255DCB6200B11FD2 /* GitHubFollowersTests.xctest */,
				95081521255DCB6300B11FD2 /* GitHubFollowersUITests.xctest */,
			);
			name = Products;
			sourceTree = "<group>";
		};
		95081502255DCB6000B11FD2 /* GitHubFollowers */ = {
			isa = PBXGroup;
			children = (
				95081503255DCB6000B11FD2 /* AppDelegate.swift */,
				95081505255DCB6100B11FD2 /* SceneDelegate.swift */,
				95D63B47256438250072892C /* SearchVC.swift */,
				9508150C255DCB6200B11FD2 /* Assets.xcassets */,
				9508150E255DCB6200B11FD2 /* LaunchScreen.storyboard */,
				95081511255DCB6200B11FD2 /* Info.plist */,
				95D63B54256438A80072892C /* FavoritesListVC.swift */,
				95D63B592564463F0072892C /* GFButton.swift */,
				95D63B5E25644B6B0072892C /* GFTextField.swift */,
			);
			path = GitHubFollowers;
			sourceTree = "<group>";
		};
		95081519255DCB6200B11FD2 /* GitHubFollowersTests */ = {
			isa = PBXGroup;
			children = (
				9508151A255DCB6200B11FD2 /* GitHubFollowersTests.swift */,
				9508151C255DCB6200B11FD2 /* Info.plist */,
			);
			path = GitHubFollowersTests;
			sourceTree = "<group>";
		};
		95081524255DCB6300B11FD2 /* GitHubFollowersUITests */ = {
			isa = PBXGroup;
			children = (
				95081525255DCB6300B11FD2 /* GitHubFollowersUITests.swift */,
				95081527255DCB6300B11FD2 /* Info.plist */,
			);
			path = GitHubFollowersUITests;
			sourceTree = "<group>";
		};
/* End PBXGroup section */

/* Begin PBXNativeTarget section */
		950814FF255DCB6000B11FD2 /* GitHubFollowers */ = {
			isa = PBXNativeTarget;
			buildConfigurationList = 9508152A255DCB6300B11FD2 /* Build configuration list for PBXNativeTarget "GitHubFollowers" */;
			buildPhases = (
				950814FC255DCB6000B11FD2 /* Sources */,
				950814FD255DCB6000B11FD2 /* Frameworks */,
				950814FE255DCB6000B11FD2 /* Resources */,
			);
			buildRules = (
			);
			dependencies = (
			);
			name = GitHubFollowers;
			productName = GitHubFollowers;
			productReference = 95081500255DCB6000B11FD2 /* GitHubFollowers.app */;
			productType = "com.apple.product-type.application";
		};
		95081515255DCB6200B11FD2 /* GitHubFollowersTests */ = {
			isa = PBXNativeTarget;
			buildConfigurationList = 9508152D255DCB6300B11FD2 /* Build configuration list for PBXNativeTarget "GitHubFollowersTests" */;
			buildPhases = (
				95081512255DCB6200B11FD2 /* Sources */,
				95081513255DCB6200B11FD2 /* Frameworks */,
				95081514255DCB6200B11FD2 /* Resources */,
			);
			buildRules = (
			);
			dependencies = (
				95081518255DCB6200B11FD2 /* PBXTargetDependency */,
			);
			name = GitHubFollowersTests;
			productName = GitHubFollowersTests;
			productReference = 95081516255DCB6200B11FD2 /* GitHubFollowersTests.xctest */;
			productType = "com.apple.product-type.bundle.unit-test";
		};
		95081520255DCB6300B11FD2 /* GitHubFollowersUITests */ = {
			isa = PBXNativeTarget;
			buildConfigurationList = 95081530255DCB6300B11FD2 /* Build configuration list for PBXNativeTarget "GitHubFollowersUITests" */;
			buildPhases = (
				9508151D255DCB6300B11FD2 /* Sources */,
				9508151E255DCB6300B11FD2 /* Frameworks */,
				9508151F255DCB6300B11FD2 /* Resources */,
			);
			buildRules = (
			);
			dependencies = (
				95081523255DCB6300B11FD2 /* PBXTargetDependency */,
			);
			name = GitHubFollowersUITests;
			productName = GitHubFollowersUITests;
			productReference = 95081521255DCB6300B11FD2 /* GitHubFollowersUITests.xctest */;
			productType = "com.apple.product-type.bundle.ui-testing";
		};
/* End PBXNativeTarget section */

/* Begin PBXProject section */
		950814F8255DCB6000B11FD2 /* Project object */ = {
			isa = PBXProject;
			attributes = {
				LastSwiftUpdateCheck = 1210;
				LastUpgradeCheck = 1210;
				TargetAttributes = {
					950814FF255DCB6000B11FD2 = {
						CreatedOnToolsVersion = 12.1;
					};
					95081515255DCB6200B11FD2 = {
						CreatedOnToolsVersion = 12.1;
						TestTargetID = 950814FF255DCB6000B11FD2;
					};
					95081520255DCB6300B11FD2 = {
						CreatedOnToolsVersion = 12.1;
						TestTargetID = 950814FF255DCB6000B11FD2;
					};
				};
			};
			buildConfigurationList = 950814FB255DCB6000B11FD2 /* Build configuration list for PBXProject "GitHubFollowers" */;
			compatibilityVersion = "Xcode 9.3";
			developmentRegion = en;
			hasScannedForEncodings = 0;
			knownRegions = (
				en,
				Base,
			);
			mainGroup = 950814F7255DCB6000B11FD2;
			productRefGroup = 95081501255DCB6000B11FD2 /* Products */;
			projectDirPath = "";
			projectRoot = "";
			targets = (
				950814FF255DCB6000B11FD2 /* GitHubFollowers */,
				95081515255DCB6200B11FD2 /* GitHubFollowersTests */,
				95081520255DCB6300B11FD2 /* GitHubFollowersUITests */,
			);
		};
/* End PBXProject section */

/* Begin PBXResourcesBuildPhase section */
		950814FE255DCB6000B11FD2 /* Resources */ = {
			isa = PBXResourcesBuildPhase;
			buildActionMask = 2147483647;
			files = (
				95081510255DCB6200B11FD2 /* LaunchScreen.storyboard in Resources */,
				9508150D255DCB6200B11FD2 /* Assets.xcassets in Resources */,
			);
			runOnlyForDeploymentPostprocessing = 0;
		};
		95081514255DCB6200B11FD2 /* Resources */ = {
			isa = PBXResourcesBuildPhase;
			buildActionMask = 2147483647;
			files = (
			);
			runOnlyForDeploymentPostprocessing = 0;
		};
		9508151F255DCB6300B11FD2 /* Resources */ = {
			isa = PBXResourcesBuildPhase;
			buildActionMask = 2147483647;
			files = (
			);
			runOnlyForDeploymentPostprocessing = 0;
		};
/* End PBXResourcesBuildPhase section */

/* Begin PBXSourcesBuildPhase section */
		950814FC255DCB6000B11FD2 /* Sources */ = {
			isa = PBXSourcesBuildPhase;
			buildActionMask = 2147483647;
			files = (
				95D63B5F25644B6B0072892C /* GFTextField.swift in Sources */,
				95D63B55256438A80072892C /* FavoritesListVC.swift in Sources */,
				95D63B5A2564463F0072892C /* GFButton.swift in Sources */,
				95D63B48256438250072892C /* SearchVC.swift in Sources */,
				95081504255DCB6000B11FD2 /* AppDelegate.swift in Sources */,
				95081506255DCB6100B11FD2 /* SceneDelegate.swift in Sources */,
			);
			runOnlyForDeploymentPostprocessing = 0;
		};
		95081512255DCB6200B11FD2 /* Sources */ = {
			isa = PBXSourcesBuildPhase;
			buildActionMask = 2147483647;
			files = (
				9508151B255DCB6200B11FD2 /* GitHubFollowersTests.swift in Sources */,
			);
			runOnlyForDeploymentPostprocessing = 0;
		};
		9508151D255DCB6300B11FD2 /* Sources */ = {
			isa = PBXSourcesBuildPhase;
			buildActionMask = 2147483647;
			files = (
				95081526255DCB6300B11FD2 /* GitHubFollowersUITests.swift in Sources */,
			);
			runOnlyForDeploymentPostprocessing = 0;
		};
/* End PBXSourcesBuildPhase section */

/* Begin PBXTargetDependency section */
		95081518255DCB6200B11FD2 /* PBXTargetDependency */ = {
			isa = PBXTargetDependency;
			target = 950814FF255DCB6000B11FD2 /* GitHubFollowers */;
			targetProxy = 95081517255DCB6200B11FD2 /* PBXContainerItemProxy */;
		};
		95081523255DCB6300B11FD2 /* PBXTargetDependency */ = {
			isa = PBXTargetDependency;
			target = 950814FF255DCB6000B11FD2 /* GitHubFollowers */;
			targetProxy = 95081522255DCB6300B11FD2 /* PBXContainerItemProxy */;
		};
/* End PBXTargetDependency section */

/* Begin PBXVariantGroup section */
		9508150E255DCB6200B11FD2 /* LaunchScreen.storyboard */ = {
			isa = PBXVariantGroup;
			children = (
				9508150F255DCB6200B11FD2 /* Base */,
			);
			name = LaunchScreen.storyboard;
			sourceTree = "<group>";
		};
/* End PBXVariantGroup section */

/* Begin XCBuildConfiguration section */
		95081528255DCB6300B11FD2 /* Debug */ = {
			isa = XCBuildConfiguration;
			buildSettings = {
				ALWAYS_SEARCH_USER_PATHS = NO;
				CLANG_ANALYZER_NONNULL = YES;
				CLANG_ANALYZER_NUMBER_OBJECT_CONVERSION = YES_AGGRESSIVE;
				CLANG_CXX_LANGUAGE_STANDARD = "gnu++14";
				CLANG_CXX_LIBRARY = "libc++";
				CLANG_ENABLE_MODULES = YES;
				CLANG_ENABLE_OBJC_ARC = YES;
				CLANG_ENABLE_OBJC_WEAK = YES;
				CLANG_WARN_BLOCK_CAPTURE_AUTORELEASING = YES;
				CLANG_WARN_BOOL_CONVERSION = YES;
				CLANG_WARN_COMMA = YES;
				CLANG_WARN_CONSTANT_CONVERSION = YES;
				CLANG_WARN_DEPRECATED_OBJC_IMPLEMENTATIONS = YES;
				CLANG_WARN_DIRECT_OBJC_ISA_USAGE = YES_ERROR;
				CLANG_WARN_DOCUMENTATION_COMMENTS = YES;
				CLANG_WARN_EMPTY_BODY = YES;
				CLANG_WARN_ENUM_CONVERSION = YES;
				CLANG_WARN_INFINITE_RECURSION = YES;
				CLANG_WARN_INT_CONVERSION = YES;
				CLANG_WARN_NON_LITERAL_NULL_CONVERSION = YES;
				CLANG_WARN_OBJC_IMPLICIT_RETAIN_SELF = YES;
				CLANG_WARN_OBJC_LITERAL_CONVERSION = YES;
				CLANG_WARN_OBJC_ROOT_CLASS = YES_ERROR;
				CLANG_WARN_QUOTED_INCLUDE_IN_FRAMEWORK_HEADER = YES;
				CLANG_WARN_RANGE_LOOP_ANALYSIS = YES;
				CLANG_WARN_STRICT_PROTOTYPES = YES;
				CLANG_WARN_SUSPICIOUS_MOVE = YES;
				CLANG_WARN_UNGUARDED_AVAILABILITY = YES_AGGRESSIVE;
				CLANG_WARN_UNREACHABLE_CODE = YES;
				CLANG_WARN__DUPLICATE_METHOD_MATCH = YES;
				COPY_PHASE_STRIP = NO;
				DEBUG_INFORMATION_FORMAT = dwarf;
				ENABLE_STRICT_OBJC_MSGSEND = YES;
				ENABLE_TESTABILITY = YES;
				GCC_C_LANGUAGE_STANDARD = gnu11;
				GCC_DYNAMIC_NO_PIC = NO;
				GCC_NO_COMMON_BLOCKS = YES;
				GCC_OPTIMIZATION_LEVEL = 0;
				GCC_PREPROCESSOR_DEFINITIONS = (
					"DEBUG=1",
					"$(inherited)",
				);
				GCC_WARN_64_TO_32_BIT_CONVERSION = YES;
				GCC_WARN_ABOUT_RETURN_TYPE = YES_ERROR;
				GCC_WARN_UNDECLARED_SELECTOR = YES;
				GCC_WARN_UNINITIALIZED_AUTOS = YES_AGGRESSIVE;
				GCC_WARN_UNUSED_FUNCTION = YES;
				GCC_WARN_UNUSED_VARIABLE = YES;
				IPHONEOS_DEPLOYMENT_TARGET = 14.1;
				MTL_ENABLE_DEBUG_INFO = INCLUDE_SOURCE;
				MTL_FAST_MATH = YES;
				ONLY_ACTIVE_ARCH = YES;
				SDKROOT = iphoneos;
				SWIFT_ACTIVE_COMPILATION_CONDITIONS = DEBUG;
				SWIFT_OPTIMIZATION_LEVEL = "-Onone";
			};
			name = Debug;
		};
		95081529255DCB6300B11FD2 /* Release */ = {
			isa = XCBuildConfiguration;
			buildSettings = {
				ALWAYS_SEARCH_USER_PATHS = NO;
				CLANG_ANALYZER_NONNULL = YES;
				CLANG_ANALYZER_NUMBER_OBJECT_CONVERSION = YES_AGGRESSIVE;
				CLANG_CXX_LANGUAGE_STANDARD = "gnu++14";
				CLANG_CXX_LIBRARY = "libc++";
				CLANG_ENABLE_MODULES = YES;
				CLANG_ENABLE_OBJC_ARC = YES;
				CLANG_ENABLE_OBJC_WEAK = YES;
				CLANG_WARN_BLOCK_CAPTURE_AUTORELEASING = YES;
				CLANG_WARN_BOOL_CONVERSION = YES;
				CLANG_WARN_COMMA = YES;
				CLANG_WARN_CONSTANT_CONVERSION = YES;
				CLANG_WARN_DEPRECATED_OBJC_IMPLEMENTATIONS = YES;
				CLANG_WARN_DIRECT_OBJC_ISA_USAGE = YES_ERROR;
				CLANG_WARN_DOCUMENTATION_COMMENTS = YES;
				CLANG_WARN_EMPTY_BODY = YES;
				CLANG_WARN_ENUM_CONVERSION = YES;
				CLANG_WARN_INFINITE_RECURSION = YES;
				CLANG_WARN_INT_CONVERSION = YES;
				CLANG_WARN_NON_LITERAL_NULL_CONVERSION = YES;
				CLANG_WARN_OBJC_IMPLICIT_RETAIN_SELF = YES;
				CLANG_WARN_OBJC_LITERAL_CONVERSION = YES;
				CLANG_WARN_OBJC_ROOT_CLASS = YES_ERROR;
				CLANG_WARN_QUOTED_INCLUDE_IN_FRAMEWORK_HEADER = YES;
				CLANG_WARN_RANGE_LOOP_ANALYSIS = YES;
				CLANG_WARN_STRICT_PROTOTYPES = YES;
				CLANG_WARN_SUSPICIOUS_MOVE = YES;
				CLANG_WARN_UNGUARDED_AVAILABILITY = YES_AGGRESSIVE;
				CLANG_WARN_UNREACHABLE_CODE = YES;
				CLANG_WARN__DUPLICATE_METHOD_MATCH = YES;
				COPY_PHASE_STRIP = NO;
				DEBUG_INFORMATION_FORMAT = "dwarf-with-dsym";
				ENABLE_NS_ASSERTIONS = NO;
				ENABLE_STRICT_OBJC_MSGSEND = YES;
				GCC_C_LANGUAGE_STANDARD = gnu11;
				GCC_NO_COMMON_BLOCKS = YES;
				GCC_WARN_64_TO_32_BIT_CONVERSION = YES;
				GCC_WARN_ABOUT_RETURN_TYPE = YES_ERROR;
				GCC_WARN_UNDECLARED_SELECTOR = YES;
				GCC_WARN_UNINITIALIZED_AUTOS = YES_AGGRESSIVE;
				GCC_WARN_UNUSED_FUNCTION = YES;
				GCC_WARN_UNUSED_VARIABLE = YES;
				IPHONEOS_DEPLOYMENT_TARGET = 14.1;
				MTL_ENABLE_DEBUG_INFO = NO;
				MTL_FAST_MATH = YES;
				SDKROOT = iphoneos;
				SWIFT_COMPILATION_MODE = wholemodule;
				SWIFT_OPTIMIZATION_LEVEL = "-O";
				VALIDATE_PRODUCT = YES;
			};
			name = Release;
		};
		9508152B255DCB6300B11FD2 /* Debug */ = {
			isa = XCBuildConfiguration;
			buildSettings = {
				ASSETCATALOG_COMPILER_APPICON_NAME = AppIcon;
				ASSETCATALOG_COMPILER_GLOBAL_ACCENT_COLOR_NAME = AccentColor;
				CODE_SIGN_STYLE = Automatic;
				INFOPLIST_FILE = GitHubFollowers/Info.plist;
				LD_RUNPATH_SEARCH_PATHS = (
					"$(inherited)",
					"@executable_path/Frameworks",
				);
				PRODUCT_BUNDLE_IDENTIFIER = com.Hunter.GitHubFollowers;
				PRODUCT_NAME = "$(TARGET_NAME)";
				SWIFT_VERSION = 5.0;
				TARGETED_DEVICE_FAMILY = 1;
			};
			name = Debug;
		};
		9508152C255DCB6300B11FD2 /* Release */ = {
			isa = XCBuildConfiguration;
			buildSettings = {
				ASSETCATALOG_COMPILER_APPICON_NAME = AppIcon;
				ASSETCATALOG_COMPILER_GLOBAL_ACCENT_COLOR_NAME = AccentColor;
				CODE_SIGN_STYLE = Automatic;
				INFOPLIST_FILE = GitHubFollowers/Info.plist;
				LD_RUNPATH_SEARCH_PATHS = (
					"$(inherited)",
					"@executable_path/Frameworks",
				);
				PRODUCT_BUNDLE_IDENTIFIER = com.Hunter.GitHubFollowers;
				PRODUCT_NAME = "$(TARGET_NAME)";
				SWIFT_VERSION = 5.0;
				TARGETED_DEVICE_FAMILY = 1;
			};
			name = Release;
		};
		9508152E255DCB6300B11FD2 /* Debug */ = {
			isa = XCBuildConfiguration;
			buildSettings = {
				ALWAYS_EMBED_SWIFT_STANDARD_LIBRARIES = YES;
				BUNDLE_LOADER = "$(TEST_HOST)";
				CODE_SIGN_STYLE = Automatic;
				INFOPLIST_FILE = GitHubFollowersTests/Info.plist;
				IPHONEOS_DEPLOYMENT_TARGET = 14.1;
				LD_RUNPATH_SEARCH_PATHS = (
					"$(inherited)",
					"@executable_path/Frameworks",
					"@loader_path/Frameworks",
				);
				PRODUCT_BUNDLE_IDENTIFIER = com.Hunter.GitHubFollowersTests;
				PRODUCT_NAME = "$(TARGET_NAME)";
				SWIFT_VERSION = 5.0;
				TARGETED_DEVICE_FAMILY = "1,2";
				TEST_HOST = "$(BUILT_PRODUCTS_DIR)/GitHubFollowers.app/GitHubFollowers";
			};
			name = Debug;
		};
		9508152F255DCB6300B11FD2 /* Release */ = {
			isa = XCBuildConfiguration;
			buildSettings = {
				ALWAYS_EMBED_SWIFT_STANDARD_LIBRARIES = YES;
				BUNDLE_LOADER = "$(TEST_HOST)";
				CODE_SIGN_STYLE = Automatic;
				INFOPLIST_FILE = GitHubFollowersTests/Info.plist;
				IPHONEOS_DEPLOYMENT_TARGET = 14.1;
				LD_RUNPATH_SEARCH_PATHS = (
					"$(inherited)",
					"@executable_path/Frameworks",
					"@loader_path/Frameworks",
				);
				PRODUCT_BUNDLE_IDENTIFIER = com.Hunter.GitHubFollowersTests;
				PRODUCT_NAME = "$(TARGET_NAME)";
				SWIFT_VERSION = 5.0;
				TARGETED_DEVICE_FAMILY = "1,2";
				TEST_HOST = "$(BUILT_PRODUCTS_DIR)/GitHubFollowers.app/GitHubFollowers";
			};
			name = Release;
		};
		95081531255DCB6300B11FD2 /* Debug */ = {
			isa = XCBuildConfiguration;
			buildSettings = {
				ALWAYS_EMBED_SWIFT_STANDARD_LIBRARIES = YES;
				CODE_SIGN_STYLE = Automatic;
				INFOPLIST_FILE = GitHubFollowersUITests/Info.plist;
				LD_RUNPATH_SEARCH_PATHS = (
					"$(inherited)",
					"@executable_path/Frameworks",
					"@loader_path/Frameworks",
				);
				PRODUCT_BUNDLE_IDENTIFIER = com.Hunter.GitHubFollowersUITests;
				PRODUCT_NAME = "$(TARGET_NAME)";
				SWIFT_VERSION = 5.0;
				TARGETED_DEVICE_FAMILY = "1,2";
				TEST_TARGET_NAME = GitHubFollowers;
			};
			name = Debug;
		};
		95081532255DCB6300B11FD2 /* Release */ = {
			isa = XCBuildConfiguration;
			buildSettings = {
				ALWAYS_EMBED_SWIFT_STANDARD_LIBRARIES = YES;
				CODE_SIGN_STYLE = Automatic;
				INFOPLIST_FILE = GitHubFollowersUITests/Info.plist;
				LD_RUNPATH_SEARCH_PATHS = (
					"$(inherited)",
					"@executable_path/Frameworks",
					"@loader_path/Frameworks",
				);
				PRODUCT_BUNDLE_IDENTIFIER = com.Hunter.GitHubFollowersUITests;
				PRODUCT_NAME = "$(TARGET_NAME)";
				SWIFT_VERSION = 5.0;
				TARGETED_DEVICE_FAMILY = "1,2";
				TEST_TARGET_NAME = GitHubFollowers;
			};
			name = Release;
		};
/* End XCBuildConfiguration section */

/* Begin XCConfigurationList section */
		950814FB255DCB6000B11FD2 /* Build configuration list for PBXProject "GitHubFollowers" */ = {
			isa = XCConfigurationList;
			buildConfigurations = (
				95081528255DCB6300B11FD2 /* Debug */,
				95081529255DCB6300B11FD2 /* Release */,
			);
			defaultConfigurationIsVisible = 0;
			defaultConfigurationName = Release;
		};
		9508152A255DCB6300B11FD2 /* Build configuration list for PBXNativeTarget "GitHubFollowers" */ = {
			isa = XCConfigurationList;
			buildConfigurations = (
				9508152B255DCB6300B11FD2 /* Debug */,
				9508152C255DCB6300B11FD2 /* Release */,
			);
			defaultConfigurationIsVisible = 0;
			defaultConfigurationName = Release;
		};
		9508152D255DCB6300B11FD2 /* Build configuration list for PBXNativeTarget "GitHubFollowersTests" */ = {
			isa = XCConfigurationList;
			buildConfigurations = (
				9508152E255DCB6300B11FD2 /* Debug */,
				9508152F255DCB6300B11FD2 /* Release */,
			);
			defaultConfigurationIsVisible = 0;
			defaultConfigurationName = Release;
		};
		95081530255DCB6300B11FD2 /* Build configuration list for PBXNativeTarget "GitHubFollowersUITests" */ = {
			isa = XCConfigurationList;
			buildConfigurations = (
				95081531255DCB6300B11FD2 /* Debug */,
				95081532255DCB6300B11FD2 /* Release */,
			);
			defaultConfigurationIsVisible = 0;
			defaultConfigurationName = Release;
		};
/* End XCConfigurationList section */
	};
	rootObject = 950814F8255DCB6000B11FD2 /* Project object */;
}
